
Microsoft Visual Studio Solution File, Format Version 12.00
# Visual Studio Version 16
VisualStudioVersion = 16.0.31911.196
MinimumVisualStudioVersion = 10.0.40219.1
Project("{FAE04EC0-301F-11D3-BF4B-00C04F79EFBC}") = "01 - task", "01 - task\01 - task.csproj", "{6711B7AB-FA06-4E94-B4A4-D493C61E0C21}"
EndProject
Project("{FAE04EC0-301F-11D3-BF4B-00C04F79EFBC}") = "02 - task", "02 - task\02 - task.csproj", "{477F8B7A-5556-4D4F-B02F-7CB4574A13B3}"
EndProject
Global
	GlobalSection(SolutionConfigurationPlatforms) = preSolution
		Debug|Any CPU = Debug|Any CPU
		Release|Any CPU = Release|Any CPU
	EndGlobalSection
	GlobalSection(ProjectConfigurationPlatforms) = postSolution
		{6711B7AB-FA06-4E94-B4A4-D493C61E0C21}.Debug|Any CPU.ActiveCfg = Debug|Any CPU
		{6711B7AB-FA06-4E94-B4A4-D493C61E0C21}.Debug|Any CPU.Build.0 = Debug|Any CPU
		{6711B7AB-FA06-4E94-B4A4-D493C61E0C21}.Release|Any CPU.ActiveCfg = Release|Any CPU
		{6711B7AB-FA06-4E94-B4A4-D493C61E0C21}.Release|Any CPU.Build.0 = Release|Any CPU
		{477F8B7A-5556-4D4F-B02F-7CB4574A13B3}.Debug|Any CPU.ActiveCfg = Debug|Any CPU
		{477F8B7A-5556-4D4F-B02F-7CB4574A13B3}.Debug|Any CPU.Build.0 = Debug|Any CPU
		{477F8B7A-5556-4D4F-B02F-7CB4574A13B3}.Release|Any CPU.ActiveCfg = Release|Any CPU
		{477F8B7A-5556-4D4F-B02F-7CB4574A13B3}.Release|Any CPU.Build.0 = Release|Any CPU
	EndGlobalSection
	GlobalSection(SolutionProperties) = preSolution
		HideSolutionNode = FALSE
	EndGlobalSection
	GlobalSection(ExtensibilityGlobals) = postSolution
		SolutionGuid = {B6B09386-3270-4AE4-AA28-1E0F162CF30C}
	EndGlobalSection
EndGlobal
